
Microsoft Visual Studio Solution File, Format Version 12.00
# Visual Studio Version 17
VisualStudioVersion = 17.3.32929.385
MinimumVisualStudioVersion = 10.0.40219.1
Project("{2150E333-8FDC-42A3-9474-1A3956D46DE8}") = "SMS.Application", "SMS.Application", "{C960A321-4267-4DDB-885F-91B6287EE4DA}"
EndProject
Project("{2150E333-8FDC-42A3-9474-1A3956D46DE8}") = "SMS.Domain", "SMS.Domain", "{F2359911-96D8-4F53-A6F2-8C5B29135F10}"
EndProject
Project("{2150E333-8FDC-42A3-9474-1A3956D46DE8}") = "SMS.Service", "SMS.Service", "{D114F82C-EA38-4551-B2AE-2CA168F0F1BA}"
EndProject
Project("{2150E333-8FDC-42A3-9474-1A3956D46DE8}") = "Identidade.Api", "Identidade.Api", "{3786CE66-7BFD-418A-A84B-29BA4A70EB6E}"
EndProject
Project("{2150E333-8FDC-42A3-9474-1A3956D46DE8}") = "UploadApi", "UploadApi", "{81D7D684-87A9-4548-9DA4-B276B49D7E60}"
EndProject
Project("{2150E333-8FDC-42A3-9474-1A3956D46DE8}") = "Envio.Api", "Envio.Api", "{398809DC-B0EC-42DF-8FA4-9B5F307005CC}"
EndProject
Project("{9A19103F-16F7-4668-BE54-9A1E7A4F7556}") = "Envio.Api", "src\SMS.Service\Envio.Api\WebApplication1\Envio.Api.csproj", "{F93BEED5-2D14-48C9-85A3-614D2BC000B8}"
EndProject
Global
	GlobalSection(SolutionConfigurationPlatforms) = preSolution
		Debug|Any CPU = Debug|Any CPU
		Release|Any CPU = Release|Any CPU
	EndGlobalSection
	GlobalSection(ProjectConfigurationPlatforms) = postSolution
		{F93BEED5-2D14-48C9-85A3-614D2BC000B8}.Debug|Any CPU.ActiveCfg = Debug|Any CPU
		{F93BEED5-2D14-48C9-85A3-614D2BC000B8}.Debug|Any CPU.Build.0 = Debug|Any CPU
		{F93BEED5-2D14-48C9-85A3-614D2BC000B8}.Release|Any CPU.ActiveCfg = Release|Any CPU
		{F93BEED5-2D14-48C9-85A3-614D2BC000B8}.Release|Any CPU.Build.0 = Release|Any CPU
	EndGlobalSection
	GlobalSection(SolutionProperties) = preSolution
		HideSolutionNode = FALSE
	EndGlobalSection
	GlobalSection(NestedProjects) = preSolution
		{3786CE66-7BFD-418A-A84B-29BA4A70EB6E} = {D114F82C-EA38-4551-B2AE-2CA168F0F1BA}
		{81D7D684-87A9-4548-9DA4-B276B49D7E60} = {D114F82C-EA38-4551-B2AE-2CA168F0F1BA}
		{398809DC-B0EC-42DF-8FA4-9B5F307005CC} = {D114F82C-EA38-4551-B2AE-2CA168F0F1BA}
		{F93BEED5-2D14-48C9-85A3-614D2BC000B8} = {398809DC-B0EC-42DF-8FA4-9B5F307005CC}
	EndGlobalSection
	GlobalSection(ExtensibilityGlobals) = postSolution
		SolutionGuid = {13EF56F6-7C0D-4319-B4BF-FF3F674C8539}
	EndGlobalSection
EndGlobal
